// !$*UTF8*$!
{
	archiveVersion = 1;
	classes = {
	};
	objectVersion = 56;
	objects = {

/* Begin PBXBuildFile section */
		FFD66603298B6870000DABA5 /* Sqlite_EditorApp.swift in Sources */ = {isa = PBXBuildFile; fileRef = FFD66602298B6870000DABA5 /* Sqlite_EditorApp.swift */; };
		FFD66605298B6870000DABA5 /* ContentView.swift in Sources */ = {isa = PBXBuildFile; fileRef = FFD66604298B6870000DABA5 /* ContentView.swift */; };
		FFD66607298B6872000DABA5 /* Assets.xcassets in Resources */ = {isa = PBXBuildFile; fileRef = FFD66606298B6872000DABA5 /* Assets.xcassets */; };
		FFD6660B298B6872000DABA5 /* Preview Assets.xcassets in Resources */ = {isa = PBXBuildFile; fileRef = FFD6660A298B6872000DABA5 /* Preview Assets.xcassets */; };
		FFD66615298B6872000DABA5 /* Sqlite_EditorTests.swift in Sources */ = {isa = PBXBuildFile; fileRef = FFD66614298B6872000DABA5 /* Sqlite_EditorTests.swift */; };
		FFD6661F298B6872000DABA5 /* Sqlite_EditorUITests.swift in Sources */ = {isa = PBXBuildFile; fileRef = FFD6661E298B6872000DABA5 /* Sqlite_EditorUITests.swift */; };
		FFD66621298B6872000DABA5 /* Sqlite_EditorUITestsLaunchTests.swift in Sources */ = {isa = PBXBuildFile; fileRef = FFD66620298B6872000DABA5 /* Sqlite_EditorUITestsLaunchTests.swift */; };
/* End PBXBuildFile section */

/* Begin PBXContainerItemProxy section */
		FFD66611298B6872000DABA5 /* PBXContainerItemProxy */ = {
			isa = PBXContainerItemProxy;
			containerPortal = FFD665F7298B6870000DABA5 /* Project object */;
			proxyType = 1;
			remoteGlobalIDString = FFD665FE298B6870000DABA5;
			remoteInfo = "Sqlite Editor";
		};
		FFD6661B298B6872000DABA5 /* PBXContainerItemProxy */ = {
			isa = PBXContainerItemProxy;
			containerPortal = FFD665F7298B6870000DABA5 /* Project object */;
			proxyType = 1;
			remoteGlobalIDString = FFD665FE298B6870000DABA5;
			remoteInfo = "Sqlite Editor";
		};
/* End PBXContainerItemProxy section */

/* Begin PBXFileReference section */
		FFD665FF298B6870000DABA5 /* Sqlite Editor.app */ = {isa = PBXFileReference; explicitFileType = wrapper.application; includeInIndex = 0; path = "Sqlite Editor.app"; sourceTree = BUILT_PRODUCTS_DIR; };
		FFD66602298B6870000DABA5 /* Sqlite_EditorApp.swift */ = {isa = PBXFileReference; lastKnownFileType = sourcecode.swift; path = Sqlite_EditorApp.swift; sourceTree = "<group>"; };
		FFD66604298B6870000DABA5 /* ContentView.swift */ = {isa = PBXFileReference; lastKnownFileType = sourcecode.swift; path = ContentView.swift; sourceTree = "<group>"; };
		FFD66606298B6872000DABA5 /* Assets.xcassets */ = {isa = PBXFileReference; lastKnownFileType = folder.assetcatalog; path = Assets.xcassets; sourceTree = "<group>"; };
		FFD66608298B6872000DABA5 /* Sqlite_Editor.entitlements */ = {isa = PBXFileReference; lastKnownFileType = text.plist.entitlements; path = Sqlite_Editor.entitlements; sourceTree = "<group>"; };
		FFD6660A298B6872000DABA5 /* Preview Assets.xcassets */ = {isa = PBXFileReference; lastKnownFileType = folder.assetcatalog; path = "Preview Assets.xcassets"; sourceTree = "<group>"; };
		FFD66610298B6872000DABA5 /* Sqlite EditorTests.xctest */ = {isa = PBXFileReference; explicitFileType = wrapper.cfbundle; includeInIndex = 0; path = "Sqlite EditorTests.xctest"; sourceTree = BUILT_PRODUCTS_DIR; };
		FFD66614298B6872000DABA5 /* Sqlite_EditorTests.swift */ = {isa = PBXFileReference; lastKnownFileType = sourcecode.swift; path = Sqlite_EditorTests.swift; sourceTree = "<group>"; };
		FFD6661A298B6872000DABA5 /* Sqlite EditorUITests.xctest */ = {isa = PBXFileReference; explicitFileType = wrapper.cfbundle; includeInIndex = 0; path = "Sqlite EditorUITests.xctest"; sourceTree = BUILT_PRODUCTS_DIR; };
		FFD6661E298B6872000DABA5 /* Sqlite_EditorUITests.swift */ = {isa = PBXFileReference; lastKnownFileType = sourcecode.swift; path = Sqlite_EditorUITests.swift; sourceTree = "<group>"; };
		FFD66620298B6872000DABA5 /* Sqlite_EditorUITestsLaunchTests.swift */ = {isa = PBXFileReference; lastKnownFileType = sourcecode.swift; path = Sqlite_EditorUITestsLaunchTests.swift; sourceTree = "<group>"; };
/* End PBXFileReference section */

/* Begin PBXFrameworksBuildPhase section */
		FFD665FC298B6870000DABA5 /* Frameworks */ = {
			isa = PBXFrameworksBuildPhase;
			buildActionMask = 2147483647;
			files = (
			);
			runOnlyForDeploymentPostprocessing = 0;
		};
		FFD6660D298B6872000DABA5 /* Frameworks */ = {
			isa = PBXFrameworksBuildPhase;
			buildActionMask = 2147483647;
			files = (
			);
			runOnlyForDeploymentPostprocessing = 0;
		};
		FFD66617298B6872000DABA5 /* Frameworks */ = {
			isa = PBXFrameworksBuildPhase;
			buildActionMask = 2147483647;
			files = (
			);
			runOnlyForDeploymentPostprocessing = 0;
		};
/* End PBXFrameworksBuildPhase section */

/* Begin PBXGroup section */
		FFD665F6298B6870000DABA5 = {
			isa = PBXGroup;
			children = (
				FFD66601298B6870000DABA5 /* Sqlite Editor */,
				FFD66613298B6872000DABA5 /* Sqlite EditorTests */,
				FFD6661D298B6872000DABA5 /* Sqlite EditorUITests */,
				FFD66600298B6870000DABA5 /* Products */,
			);
			sourceTree = "<group>";
		};
		FFD66600298B6870000DABA5 /* Products */ = {
			isa = PBXGroup;
			children = (
				FFD665FF298B6870000DABA5 /* Sqlite Editor.app */,
				FFD66610298B6872000DABA5 /* Sqlite EditorTests.xctest */,
				FFD6661A298B6872000DABA5 /* Sqlite EditorUITests.xctest */,
			);
			name = Products;
			sourceTree = "<group>";
		};
		FFD66601298B6870000DABA5 /* Sqlite Editor */ = {
			isa = PBXGroup;
			children = (
				FFD66602298B6870000DABA5 /* Sqlite_EditorApp.swift */,
				FFD66604298B6870000DABA5 /* ContentView.swift */,
				FFD66606298B6872000DABA5 /* Assets.xcassets */,
				FFD66608298B6872000DABA5 /* Sqlite_Editor.entitlements */,
				FFD66609298B6872000DABA5 /* Preview Content */,
			);
			path = "Sqlite Editor";
			sourceTree = "<group>";
		};
		FFD66609298B6872000DABA5 /* Preview Content */ = {
			isa = PBXGroup;
			children = (
				FFD6660A298B6872000DABA5 /* Preview Assets.xcassets */,
			);
			path = "Preview Content";
			sourceTree = "<group>";
		};
		FFD66613298B6872000DABA5 /* Sqlite EditorTests */ = {
			isa = PBXGroup;
			children = (
				FFD66614298B6872000DABA5 /* Sqlite_EditorTests.swift */,
			);
			path = "Sqlite EditorTests";
			sourceTree = "<group>";
		};
		FFD6661D298B6872000DABA5 /* Sqlite EditorUITests */ = {
			isa = PBXGroup;
			children = (
				FFD6661E298B6872000DABA5 /* Sqlite_EditorUITests.swift */,
				FFD66620298B6872000DABA5 /* Sqlite_EditorUITestsLaunchTests.swift */,
			);
			path = "Sqlite EditorUITests";
			sourceTree = "<group>";
		};
/* End PBXGroup section */

/* Begin PBXNativeTarget section */
		FFD665FE298B6870000DABA5 /* Sqlite Editor */ = {
			isa = PBXNativeTarget;
			buildConfigurationList = FFD66624298B6872000DABA5 /* Build configuration list for PBXNativeTarget "Sqlite Editor" */;
			buildPhases = (
				FFD665FB298B6870000DABA5 /* Sources */,
				FFD665FC298B6870000DABA5 /* Frameworks */,
				FFD665FD298B6870000DABA5 /* Resources */,
			);
			buildRules = (
			);
			dependencies = (
			);
			name = "Sqlite Editor";
			productName = "Sqlite Editor";
			productReference = FFD665FF298B6870000DABA5 /* Sqlite Editor.app */;
			productType = "com.apple.product-type.application";
		};
		FFD6660F298B6872000DABA5 /* Sqlite EditorTests */ = {
			isa = PBXNativeTarget;
			buildConfigurationList = FFD66627298B6872000DABA5 /* Build configuration list for PBXNativeTarget "Sqlite EditorTests" */;
			buildPhases = (
				FFD6660C298B6872000DABA5 /* Sources */,
				FFD6660D298B6872000DABA5 /* Frameworks */,
				FFD6660E298B6872000DABA5 /* Resources */,
			);
			buildRules = (
			);
			dependencies = (
				FFD66612298B6872000DABA5 /* PBXTargetDependency */,
			);
			name = "Sqlite EditorTests";
			productName = "Sqlite EditorTests";
			productReference = FFD66610298B6872000DABA5 /* Sqlite EditorTests.xctest */;
			productType = "com.apple.product-type.bundle.unit-test";
		};
		FFD66619298B6872000DABA5 /* Sqlite EditorUITests */ = {
			isa = PBXNativeTarget;
			buildConfigurationList = FFD6662A298B6872000DABA5 /* Build configuration list for PBXNativeTarget "Sqlite EditorUITests" */;
			buildPhases = (
				FFD66616298B6872000DABA5 /* Sources */,
				FFD66617298B6872000DABA5 /* Frameworks */,
				FFD66618298B6872000DABA5 /* Resources */,
			);
			buildRules = (
			);
			dependencies = (
				FFD6661C298B6872000DABA5 /* PBXTargetDependency */,
			);
			name = "Sqlite EditorUITests";
			productName = "Sqlite EditorUITests";
			productReference = FFD6661A298B6872000DABA5 /* Sqlite EditorUITests.xctest */;
			productType = "com.apple.product-type.bundle.ui-testing";
		};
/* End PBXNativeTarget section */

/* Begin PBXProject section */
		FFD665F7298B6870000DABA5 /* Project object */ = {
			isa = PBXProject;
			attributes = {
				BuildIndependentTargetsInParallel = 1;
				LastSwiftUpdateCheck = 1410;
				LastUpgradeCheck = 1410;
				TargetAttributes = {
					FFD665FE298B6870000DABA5 = {
						CreatedOnToolsVersion = 14.1;
					};
					FFD6660F298B6872000DABA5 = {
						CreatedOnToolsVersion = 14.1;
						TestTargetID = FFD665FE298B6870000DABA5;
					};
					FFD66619298B6872000DABA5 = {
						CreatedOnToolsVersion = 14.1;
						TestTargetID = FFD665FE298B6870000DABA5;
					};
				};
			};
			buildConfigurationList = FFD665FA298B6870000DABA5 /* Build configuration list for PBXProject "Sqlite Editor" */;
			compatibilityVersion = "Xcode 14.0";
			developmentRegion = en;
			hasScannedForEncodings = 0;
			knownRegions = (
				en,
				Base,
			);
			mainGroup = FFD665F6298B6870000DABA5;
			productRefGroup = FFD66600298B6870000DABA5 /* Products */;
			projectDirPath = "";
			projectRoot = "";
			targets = (
				FFD665FE298B6870000DABA5 /* Sqlite Editor */,
				FFD6660F298B6872000DABA5 /* Sqlite EditorTests */,
				FFD66619298B6872000DABA5 /* Sqlite EditorUITests */,
			);
		};
/* End PBXProject section */

/* Begin PBXResourcesBuildPhase section */
		FFD665FD298B6870000DABA5 /* Resources */ = {
			isa = PBXResourcesBuildPhase;
			buildActionMask = 2147483647;
			files = (
				FFD6660B298B6872000DABA5 /* Preview Assets.xcassets in Resources */,
				FFD66607298B6872000DABA5 /* Assets.xcassets in Resources */,
			);
			runOnlyForDeploymentPostprocessing = 0;
		};
		FFD6660E298B6872000DABA5 /* Resources */ = {
			isa = PBXResourcesBuildPhase;
			buildActionMask = 2147483647;
			files = (
			);
			runOnlyForDeploymentPostprocessing = 0;
		};
		FFD66618298B6872000DABA5 /* Resources */ = {
			isa = PBXResourcesBuildPhase;
			buildActionMask = 2147483647;
			files = (
			);
			runOnlyForDeploymentPostprocessing = 0;
		};
/* End PBXResourcesBuildPhase section */

/* Begin PBXSourcesBuildPhase section */
		FFD665FB298B6870000DABA5 /* Sources */ = {
			isa = PBXSourcesBuildPhase;
			buildActionMask = 2147483647;
			files = (
				FFD66605298B6870000DABA5 /* ContentView.swift in Sources */,
				FFD66603298B6870000DABA5 /* Sqlite_EditorApp.swift in Sources */,
			);
			runOnlyForDeploymentPostprocessing = 0;
		};
		FFD6660C298B6872000DABA5 /* Sources */ = {
			isa = PBXSourcesBuildPhase;
			buildActionMask = 2147483647;
			files = (
				FFD66615298B6872000DABA5 /* Sqlite_EditorTests.swift in Sources */,
			);
			runOnlyForDeploymentPostprocessing = 0;
		};
		FFD66616298B6872000DABA5 /* Sources */ = {
			isa = PBXSourcesBuildPhase;
			buildActionMask = 2147483647;
			files = (
				FFD6661F298B6872000DABA5 /* Sqlite_EditorUITests.swift in Sources */,
				FFD66621298B6872000DABA5 /* Sqlite_EditorUITestsLaunchTests.swift in Sources */,
			);
			runOnlyForDeploymentPostprocessing = 0;
		};
/* End PBXSourcesBuildPhase section */

/* Begin PBXTargetDependency section */
		FFD66612298B6872000DABA5 /* PBXTargetDependency */ = {
			isa = PBXTargetDependency;
			target = FFD665FE298B6870000DABA5 /* Sqlite Editor */;
			targetProxy = FFD66611298B6872000DABA5 /* PBXContainerItemProxy */;
		};
		FFD6661C298B6872000DABA5 /* PBXTargetDependency */ = {
			isa = PBXTargetDependency;
			target = FFD665FE298B6870000DABA5 /* Sqlite Editor */;
			targetProxy = FFD6661B298B6872000DABA5 /* PBXContainerItemProxy */;
		};
/* End PBXTargetDependency section */

/* Begin XCBuildConfiguration section */
		FFD66622298B6872000DABA5 /* Debug */ = {
			isa = XCBuildConfiguration;
			buildSettings = {
				ALWAYS_SEARCH_USER_PATHS = NO;
				CLANG_ANALYZER_NONNULL = YES;
				CLANG_ANALYZER_NUMBER_OBJECT_CONVERSION = YES_AGGRESSIVE;
				CLANG_CXX_LANGUAGE_STANDARD = "gnu++20";
				CLANG_ENABLE_MODULES = YES;
				CLANG_ENABLE_OBJC_ARC = YES;
				CLANG_ENABLE_OBJC_WEAK = YES;
				CLANG_WARN_BLOCK_CAPTURE_AUTORELEASING = YES;
				CLANG_WARN_BOOL_CONVERSION = YES;
				CLANG_WARN_COMMA = YES;
				CLANG_WARN_CONSTANT_CONVERSION = YES;
				CLANG_WARN_DEPRECATED_OBJC_IMPLEMENTATIONS = YES;
				CLANG_WARN_DIRECT_OBJC_ISA_USAGE = YES_ERROR;
				CLANG_WARN_DOCUMENTATION_COMMENTS = YES;
				CLANG_WARN_EMPTY_BODY = YES;
				CLANG_WARN_ENUM_CONVERSION = YES;
				CLANG_WARN_INFINITE_RECURSION = YES;
				CLANG_WARN_INT_CONVERSION = YES;
				CLANG_WARN_NON_LITERAL_NULL_CONVERSION = YES;
				CLANG_WARN_OBJC_IMPLICIT_RETAIN_SELF = YES;
				CLANG_WARN_OBJC_LITERAL_CONVERSION = YES;
				CLANG_WARN_OBJC_ROOT_CLASS = YES_ERROR;
				CLANG_WARN_QUOTED_INCLUDE_IN_FRAMEWORK_HEADER = YES;
				CLANG_WARN_RANGE_LOOP_ANALYSIS = YES;
				CLANG_WARN_STRICT_PROTOTYPES = YES;
				CLANG_WARN_SUSPICIOUS_MOVE = YES;
				CLANG_WARN_UNGUARDED_AVAILABILITY = YES_AGGRESSIVE;
				CLANG_WARN_UNREACHABLE_CODE = YES;
				CLANG_WARN__DUPLICATE_METHOD_MATCH = YES;
				COPY_PHASE_STRIP = NO;
				DEBUG_INFORMATION_FORMAT = dwarf;
				ENABLE_STRICT_OBJC_MSGSEND = YES;
				ENABLE_TESTABILITY = YES;
				GCC_C_LANGUAGE_STANDARD = gnu11;
				GCC_DYNAMIC_NO_PIC = NO;
				GCC_NO_COMMON_BLOCKS = YES;
				GCC_OPTIMIZATION_LEVEL = 0;
				GCC_PREPROCESSOR_DEFINITIONS = (
					"DEBUG=1",
					"$(inherited)",
				);
				GCC_WARN_64_TO_32_BIT_CONVERSION = YES;
				GCC_WARN_ABOUT_RETURN_TYPE = YES_ERROR;
				GCC_WARN_UNDECLARED_SELECTOR = YES;
				GCC_WARN_UNINITIALIZED_AUTOS = YES_AGGRESSIVE;
				GCC_WARN_UNUSED_FUNCTION = YES;
				GCC_WARN_UNUSED_VARIABLE = YES;
				MTL_ENABLE_DEBUG_INFO = INCLUDE_SOURCE;
				MTL_FAST_MATH = YES;
				ONLY_ACTIVE_ARCH = YES;
				SWIFT_ACTIVE_COMPILATION_CONDITIONS = DEBUG;
				SWIFT_OPTIMIZATION_LEVEL = "-Onone";
			};
			name = Debug;
		};
		FFD66623298B6872000DABA5 /* Release */ = {
			isa = XCBuildConfiguration;
			buildSettings = {
				ALWAYS_SEARCH_USER_PATHS = NO;
				CLANG_ANALYZER_NONNULL = YES;
				CLANG_ANALYZER_NUMBER_OBJECT_CONVERSION = YES_AGGRESSIVE;
				CLANG_CXX_LANGUAGE_STANDARD = "gnu++20";
				CLANG_ENABLE_MODULES = YES;
				CLANG_ENABLE_OBJC_ARC = YES;
				CLANG_ENABLE_OBJC_WEAK = YES;
				CLANG_WARN_BLOCK_CAPTURE_AUTORELEASING = YES;
				CLANG_WARN_BOOL_CONVERSION = YES;
				CLANG_WARN_COMMA = YES;
				CLANG_WARN_CONSTANT_CONVERSION = YES;
				CLANG_WARN_DEPRECATED_OBJC_IMPLEMENTATIONS = YES;
				CLANG_WARN_DIRECT_OBJC_ISA_USAGE = YES_ERROR;
				CLANG_WARN_DOCUMENTATION_COMMENTS = YES;
				CLANG_WARN_EMPTY_BODY = YES;
				CLANG_WARN_ENUM_CONVERSION = YES;
				CLANG_WARN_INFINITE_RECURSION = YES;
				CLANG_WARN_INT_CONVERSION = YES;
				CLANG_WARN_NON_LITERAL_NULL_CONVERSION = YES;
				CLANG_WARN_OBJC_IMPLICIT_RETAIN_SELF = YES;
				CLANG_WARN_OBJC_LITERAL_CONVERSION = YES;
				CLANG_WARN_OBJC_ROOT_CLASS = YES_ERROR;
				CLANG_WARN_QUOTED_INCLUDE_IN_FRAMEWORK_HEADER = YES;
				CLANG_WARN_RANGE_LOOP_ANALYSIS = YES;
				CLANG_WARN_STRICT_PROTOTYPES = YES;
				CLANG_WARN_SUSPICIOUS_MOVE = YES;
				CLANG_WARN_UNGUARDED_AVAILABILITY = YES_AGGRESSIVE;
				CLANG_WARN_UNREACHABLE_CODE = YES;
				CLANG_WARN__DUPLICATE_METHOD_MATCH = YES;
				COPY_PHASE_STRIP = NO;
				DEBUG_INFORMATION_FORMAT = "dwarf-with-dsym";
				ENABLE_NS_ASSERTIONS = NO;
				ENABLE_STRICT_OBJC_MSGSEND = YES;
				GCC_C_LANGUAGE_STANDARD = gnu11;
				GCC_NO_COMMON_BLOCKS = YES;
				GCC_WARN_64_TO_32_BIT_CONVERSION = YES;
				GCC_WARN_ABOUT_RETURN_TYPE = YES_ERROR;
				GCC_WARN_UNDECLARED_SELECTOR = YES;
				GCC_WARN_UNINITIALIZED_AUTOS = YES_AGGRESSIVE;
				GCC_WARN_UNUSED_FUNCTION = YES;
				GCC_WARN_UNUSED_VARIABLE = YES;
				MTL_ENABLE_DEBUG_INFO = NO;
				MTL_FAST_MATH = YES;
				SWIFT_COMPILATION_MODE = wholemodule;
				SWIFT_OPTIMIZATION_LEVEL = "-O";
			};
			name = Release;
		};
		FFD66625298B6872000DABA5 /* Debug */ = {
			isa = XCBuildConfiguration;
			buildSettings = {
				ASSETCATALOG_COMPILER_APPICON_NAME = AppIcon;
				ASSETCATALOG_COMPILER_GLOBAL_ACCENT_COLOR_NAME = AccentColor;
				CODE_SIGN_ENTITLEMENTS = "Sqlite Editor/Sqlite_Editor.entitlements";
				CODE_SIGN_STYLE = Automatic;
				CURRENT_PROJECT_VERSION = 1;
				DEVELOPMENT_ASSET_PATHS = "\"Sqlite Editor/Preview Content\"";
				DEVELOPMENT_TEAM = Q52FN4887Q;
				ENABLE_HARDENED_RUNTIME = YES;
				ENABLE_PREVIEWS = YES;
				GENERATE_INFOPLIST_FILE = YES;
				"INFOPLIST_KEY_UIApplicationSceneManifest_Generation[sdk=iphoneos*]" = YES;
				"INFOPLIST_KEY_UIApplicationSceneManifest_Generation[sdk=iphonesimulator*]" = YES;
				"INFOPLIST_KEY_UIApplicationSupportsIndirectInputEvents[sdk=iphoneos*]" = YES;
				"INFOPLIST_KEY_UIApplicationSupportsIndirectInputEvents[sdk=iphonesimulator*]" = YES;
				"INFOPLIST_KEY_UILaunchScreen_Generation[sdk=iphoneos*]" = YES;
				"INFOPLIST_KEY_UILaunchScreen_Generation[sdk=iphonesimulator*]" = YES;
				"INFOPLIST_KEY_UIStatusBarStyle[sdk=iphoneos*]" = UIStatusBarStyleDefault;
				"INFOPLIST_KEY_UIStatusBarStyle[sdk=iphonesimulator*]" = UIStatusBarStyleDefault;
				INFOPLIST_KEY_UISupportedInterfaceOrientations_iPad = "UIInterfaceOrientationPortrait UIInterfaceOrientationPortraitUpsideDown UIInterfaceOrientationLandscapeLeft UIInterfaceOrientationLandscapeRight";
				INFOPLIST_KEY_UISupportedInterfaceOrientations_iPhone = "UIInterfaceOrientationPortrait UIInterfaceOrientationLandscapeLeft UIInterfaceOrientationLandscapeRight";
				IPHONEOS_DEPLOYMENT_TARGET = 16.1;
				LD_RUNPATH_SEARCH_PATHS = "@executable_path/Frameworks";
				"LD_RUNPATH_SEARCH_PATHS[sdk=macosx*]" = "@executable_path/../Frameworks";
				MACOSX_DEPLOYMENT_TARGET = 13.0;
				MARKETING_VERSION = 1.0;
				PRODUCT_BUNDLE_IDENTIFIER = "thebaselab.Sqlite-Editor";
				PRODUCT_NAME = "$(TARGET_NAME)";
				SDKROOT = auto;
				SUPPORTED_PLATFORMS = "iphoneos iphonesimulator macosx";
				SWIFT_EMIT_LOC_STRINGS = YES;
				SWIFT_VERSION = 5.0;
				TARGETED_DEVICE_FAMILY = "1,2";
			};
			name = Debug;
		};
		FFD66626298B6872000DABA5 /* Release */ = {
			isa = XCBuildConfiguration;
			buildSettings = {
				ASSETCATALOG_COMPILER_APPICON_NAME = AppIcon;
				ASSETCATALOG_COMPILER_GLOBAL_ACCENT_COLOR_NAME = AccentColor;
				CODE_SIGN_ENTITLEMENTS = "Sqlite Editor/Sqlite_Editor.entitlements";
				CODE_SIGN_STYLE = Automatic;
				CURRENT_PROJECT_VERSION = 1;
				DEVELOPMENT_ASSET_PATHS = "\"Sqlite Editor/Preview Content\"";
				DEVELOPMENT_TEAM = Q52FN4887Q;
				ENABLE_HARDENED_RUNTIME = YES;
				ENABLE_PREVIEWS = YES;
				GENERATE_INFOPLIST_FILE = YES;
				"INFOPLIST_KEY_UIApplicationSceneManifest_Generation[sdk=iphoneos*]" = YES;
				"INFOPLIST_KEY_UIApplicationSceneManifest_Generation[sdk=iphonesimulator*]" = YES;
				"INFOPLIST_KEY_UIApplicationSupportsIndirectInputEvents[sdk=iphoneos*]" = YES;
				"INFOPLIST_KEY_UIApplicationSupportsIndirectInputEvents[sdk=iphonesimulator*]" = YES;
				"INFOPLIST_KEY_UILaunchScreen_Generation[sdk=iphoneos*]" = YES;
				"INFOPLIST_KEY_UILaunchScreen_Generation[sdk=iphonesimulator*]" = YES;
				"INFOPLIST_KEY_UIStatusBarStyle[sdk=iphoneos*]" = UIStatusBarStyleDefault;
				"INFOPLIST_KEY_UIStatusBarStyle[sdk=iphonesimulator*]" = UIStatusBarStyleDefault;
				INFOPLIST_KEY_UISupportedInterfaceOrientations_iPad = "UIInterfaceOrientationPortrait UIInterfaceOrientationPortraitUpsideDown UIInterfaceOrientationLandscapeLeft UIInterfaceOrientationLandscapeRight";
				INFOPLIST_KEY_UISupportedInterfaceOrientations_iPhone = "UIInterfaceOrientationPortrait UIInterfaceOrientationLandscapeLeft UIInterfaceOrientationLandscapeRight";
				IPHONEOS_DEPLOYMENT_TARGET = 16.1;
				LD_RUNPATH_SEARCH_PATHS = "@executable_path/Frameworks";
				"LD_RUNPATH_SEARCH_PATHS[sdk=macosx*]" = "@executable_path/../Frameworks";
				MACOSX_DEPLOYMENT_TARGET = 13.0;
				MARKETING_VERSION = 1.0;
				PRODUCT_BUNDLE_IDENTIFIER = "thebaselab.Sqlite-Editor";
				PRODUCT_NAME = "$(TARGET_NAME)";
				SDKROOT = auto;
				SUPPORTED_PLATFORMS = "iphoneos iphonesimulator macosx";
				SWIFT_EMIT_LOC_STRINGS = YES;
				SWIFT_VERSION = 5.0;
				TARGETED_DEVICE_FAMILY = "1,2";
			};
			name = Release;
		};
		FFD66628298B6872000DABA5 /* Debug */ = {
			isa = XCBuildConfiguration;
			buildSettings = {
				ALWAYS_EMBED_SWIFT_STANDARD_LIBRARIES = YES;
				BUNDLE_LOADER = "$(TEST_HOST)";
				CODE_SIGN_STYLE = Automatic;
				CURRENT_PROJECT_VERSION = 1;
				DEVELOPMENT_TEAM = Q52FN4887Q;
				GENERATE_INFOPLIST_FILE = YES;
				IPHONEOS_DEPLOYMENT_TARGET = 16.1;
				MACOSX_DEPLOYMENT_TARGET = 13.0;
				MARKETING_VERSION = 1.0;
				PRODUCT_BUNDLE_IDENTIFIER = "thebaselab.Sqlite-EditorTests";
				PRODUCT_NAME = "$(TARGET_NAME)";
				SDKROOT = auto;
				SUPPORTED_PLATFORMS = "iphoneos iphonesimulator macosx";
				SWIFT_EMIT_LOC_STRINGS = NO;
				SWIFT_VERSION = 5.0;
				TARGETED_DEVICE_FAMILY = "1,2";
				TEST_HOST = "$(BUILT_PRODUCTS_DIR)/Sqlite Editor.app/$(BUNDLE_EXECUTABLE_FOLDER_PATH)/Sqlite Editor";
			};
			name = Debug;
		};
		FFD66629298B6872000DABA5 /* Release */ = {
			isa = XCBuildConfiguration;
			buildSettings = {
				ALWAYS_EMBED_SWIFT_STANDARD_LIBRARIES = YES;
				BUNDLE_LOADER = "$(TEST_HOST)";
				CODE_SIGN_STYLE = Automatic;
				CURRENT_PROJECT_VERSION = 1;
				DEVELOPMENT_TEAM = Q52FN4887Q;
				GENERATE_INFOPLIST_FILE = YES;
				IPHONEOS_DEPLOYMENT_TARGET = 16.1;
				MACOSX_DEPLOYMENT_TARGET = 13.0;
				MARKETING_VERSION = 1.0;
				PRODUCT_BUNDLE_IDENTIFIER = "thebaselab.Sqlite-EditorTests";
				PRODUCT_NAME = "$(TARGET_NAME)";
				SDKROOT = auto;
				SUPPORTED_PLATFORMS = "iphoneos iphonesimulator macosx";
				SWIFT_EMIT_LOC_STRINGS = NO;
				SWIFT_VERSION = 5.0;
				TARGETED_DEVICE_FAMILY = "1,2";
				TEST_HOST = "$(BUILT_PRODUCTS_DIR)/Sqlite Editor.app/$(BUNDLE_EXECUTABLE_FOLDER_PATH)/Sqlite Editor";
			};
			name = Release;
		};
		FFD6662B298B6872000DABA5 /* Debug */ = {
			isa = XCBuildConfiguration;
			buildSettings = {
				ALWAYS_EMBED_SWIFT_STANDARD_LIBRARIES = YES;
				CODE_SIGN_STYLE = Automatic;
				CURRENT_PROJECT_VERSION = 1;
				DEVELOPMENT_TEAM = Q52FN4887Q;
				GENERATE_INFOPLIST_FILE = YES;
				IPHONEOS_DEPLOYMENT_TARGET = 16.1;
				MACOSX_DEPLOYMENT_TARGET = 13.0;
				MARKETING_VERSION = 1.0;
				PRODUCT_BUNDLE_IDENTIFIER = "thebaselab.Sqlite-EditorUITests";
				PRODUCT_NAME = "$(TARGET_NAME)";
				SDKROOT = auto;
				SUPPORTED_PLATFORMS = "iphoneos iphonesimulator macosx";
				SWIFT_EMIT_LOC_STRINGS = NO;
				SWIFT_VERSION = 5.0;
				TARGETED_DEVICE_FAMILY = "1,2";
				TEST_TARGET_NAME = "Sqlite Editor";
			};
			name = Debug;
		};
		FFD6662C298B6872000DABA5 /* Release */ = {
			isa = XCBuildConfiguration;
			buildSettings = {
				ALWAYS_EMBED_SWIFT_STANDARD_LIBRARIES = YES;
				CODE_SIGN_STYLE = Automatic;
				CURRENT_PROJECT_VERSION = 1;
				DEVELOPMENT_TEAM = Q52FN4887Q;
				GENERATE_INFOPLIST_FILE = YES;
				IPHONEOS_DEPLOYMENT_TARGET = 16.1;
				MACOSX_DEPLOYMENT_TARGET = 13.0;
				MARKETING_VERSION = 1.0;
				PRODUCT_BUNDLE_IDENTIFIER = "thebaselab.Sqlite-EditorUITests";
				PRODUCT_NAME = "$(TARGET_NAME)";
				SDKROOT = auto;
				SUPPORTED_PLATFORMS = "iphoneos iphonesimulator macosx";
				SWIFT_EMIT_LOC_STRINGS = NO;
				SWIFT_VERSION = 5.0;
				TARGETED_DEVICE_FAMILY = "1,2";
				TEST_TARGET_NAME = "Sqlite Editor";
			};
			name = Release;
		};
/* End XCBuildConfiguration section */

/* Begin XCConfigurationList section */
		FFD665FA298B6870000DABA5 /* Build configuration list for PBXProject "Sqlite Editor" */ = {
			isa = XCConfigurationList;
			buildConfigurations = (
				FFD66622298B6872000DABA5 /* Debug */,
				FFD66623298B6872000DABA5 /* Release */,
			);
			defaultConfigurationIsVisible = 0;
			defaultConfigurationName = Release;
		};
		FFD66624298B6872000DABA5 /* Build configuration list for PBXNativeTarget "Sqlite Editor" */ = {
			isa = XCConfigurationList;
			buildConfigurations = (
				FFD66625298B6872000DABA5 /* Debug */,
				FFD66626298B6872000DABA5 /* Release */,
			);
			defaultConfigurationIsVisible = 0;
			defaultConfigurationName = Release;
		};
		FFD66627298B6872000DABA5 /* Build configuration list for PBXNativeTarget "Sqlite EditorTests" */ = {
			isa = XCConfigurationList;
			buildConfigurations = (
				FFD66628298B6872000DABA5 /* Debug */,
				FFD66629298B6872000DABA5 /* Release */,
			);
			defaultConfigurationIsVisible = 0;
			defaultConfigurationName = Release;
		};
		FFD6662A298B6872000DABA5 /* Build configuration list for PBXNativeTarget "Sqlite EditorUITests" */ = {
			isa = XCConfigurationList;
			buildConfigurations = (
				FFD6662B298B6872000DABA5 /* Debug */,
				FFD6662C298B6872000DABA5 /* Release */,
			);
			defaultConfigurationIsVisible = 0;
			defaultConfigurationName = Release;
		};
/* End XCConfigurationList section */
	};
	rootObject = FFD665F7298B6870000DABA5 /* Project object */;
}
